PODS:
  - Apollo (0.19.0):
    - Apollo/Core (= 0.19.0)
  - Apollo/Core (0.19.0)
  - Apollo/SQLite (0.19.0):
    - Apollo/Core
    - SQLite.swift (= 0.12.2)
  - CHIPageControl/Jalapeno (0.2)
  - CHIPageControl/Jaloro (0.2)
  - GoneVisible (1.2.0)
  - SDWebImage (5.3.1):
    - SDWebImage/Core (= 5.3.1)
  - SDWebImage/Core (5.3.1)
  - SideMenuSwift (2.0.2)
  - SJSegmentedScrollView (1.5.0)
  - SkyFloatingLabelTextField (3.7.0)
  - SQLite.swift (0.12.2):
    - SQLite.swift/standard (= 0.12.2)
  - SQLite.swift/standard (0.12.2)
  - SVProgressHUD (2.2.5)
  - SwiftyJSON (4.3.0)
  - ValueStepper (1.6)

DEPENDENCIES:
  - Apollo
  - Apollo/SQLite
  - CHIPageControl/Jalapeno
  - CHIPageControl/Jaloro
  - GoneVisible
  - SDWebImage (~> 5.0)
  - SideMenuSwift
  - SJSegmentedScrollView
  - SkyFloatingLabelTextField
  - SQLite.swift
  - SVProgressHUD
  - SwiftyJSON (~> 4.0)
  - ValueStepper

SPEC REPOS:
  trunk:
    - Apollo
    - CHIPageControl
    - GoneVisible
    - SDWebImage
    - SideMenuSwift
    - SJSegmentedScrollView
    - SkyFloatingLabelTextField
    - SQLite.swift
    - SVProgressHUD
    - SwiftyJSON
    - ValueStepper

SPEC CHECKSUMS:
  Apollo: 4f0fea775a98bba34935764e49d27f2d3b1a5f21
  CHIPageControl: a787bf7205c9b7e7fbfc412be36c5e8636b68f86
  GoneVisible: c552940cd9df7548427f6bffd000dcbcc6de187f
  SDWebImage: 7137d57385fb632129838c1e6ab9528a22c666cc
  SideMenuSwift: ba10587929b9090c89105ec52739e6c60b9e50de
  SJSegmentedScrollView: 67ca97389a9c3a409d3b54c88781f031f5091c61
  SkyFloatingLabelTextField: 4b46db0ab1ccde0919cded29c656e6b4805eda04
  SQLite.swift: d2b4642190917051ce6bd1d49aab565fe794eea3
  SVProgressHUD: 1428aafac632c1f86f62aa4243ec12008d7a51d6
  SwiftyJSON: 6faa0040f8b59dead0ee07436cbf76b73c08fd08
  ValueStepper: 8b120c72c8d1391cd874a427485e2e57fda1a0b9

PODFILE CHECKSUM: de983c46e422b3268fe88538d98e79dd41c53c0c

COCOAPODS: 1.8.4
